// !$*UTF8*$!
{
	archiveVersion = 1;
	classes = {
	};
	objectVersion = 51;
	objects = {

/* Begin PBXBuildFile section */
		5C4C5AA4235D807F00B7A2FD /* SlideInTransition.swift in Sources */ = {isa = PBXBuildFile; fileRef = 5C4C5AA3235D807F00B7A2FD /* SlideInTransition.swift */; };
		5C4C5AA6235DDAE800B7A2FD /* RenewViewController.swift in Sources */ = {isa = PBXBuildFile; fileRef = 5C4C5AA5235DDAE800B7A2FD /* RenewViewController.swift */; };
		5C4C5AA8235DDC5900B7A2FD /* ContactUsViewController.swift in Sources */ = {isa = PBXBuildFile; fileRef = 5C4C5AA7235DDC5900B7A2FD /* ContactUsViewController.swift */; };
		5C4C5AAA235DE0D700B7A2FD /* EditProfileViewController.swift in Sources */ = {isa = PBXBuildFile; fileRef = 5C4C5AA9235DE0D700B7A2FD /* EditProfileViewController.swift */; };
		5C4C5AAC235DE78C00B7A2FD /* Assets.xcassets in Resources */ = {isa = PBXBuildFile; fileRef = 5C4C5AAB235DE78C00B7A2FD /* Assets.xcassets */; };
		5C4D41592359EEC600D9D259 /* MenuViewController.swift in Sources */ = {isa = PBXBuildFile; fileRef = 5C4D41582359EEC600D9D259 /* MenuViewController.swift */; };
		5C53C111235844D800761BE1 /* HomeViewController.swift in Sources */ = {isa = PBXBuildFile; fileRef = 5C53C110235844D800761BE1 /* HomeViewController.swift */; };
		5C56444723682315003D8199 /* UserData.xcdatamodeld in Sources */ = {isa = PBXBuildFile; fileRef = 5C56444523682315003D8199 /* UserData.xcdatamodeld */; };
		5C56448823684BA1003D8199 /* faqCustomCell.swift in Sources */ = {isa = PBXBuildFile; fileRef = 5C56448723684BA1003D8199 /* faqCustomCell.swift */; };
		A3DED2F59F8537F940AFE1D7 /* Pods_weVysya.framework in Frameworks */ = {isa = PBXBuildFile; fileRef = 0ABE6C34A15EB54EE78122C9 /* Pods_weVysya.framework */; };
		E7283386237A7BA800A1B903 /* OneToOneViewController.swift in Sources */ = {isa = PBXBuildFile; fileRef = E7283385237A7BA800A1B903 /* OneToOneViewController.swift */; };
		E754462E23732622008754F0 /* DealViewController.swift in Sources */ = {isa = PBXBuildFile; fileRef = E754462D23732622008754F0 /* DealViewController.swift */; };
		E76BBF0D235F29F100A01B2A /* Links.storyboard in Resources */ = {isa = PBXBuildFile; fileRef = E76BBF0C235F29F100A01B2A /* Links.storyboard */; };
		E76BBF12235F316300A01B2A /* LinkViewController.swift in Sources */ = {isa = PBXBuildFile; fileRef = E76BBF11235F316300A01B2A /* LinkViewController.swift */; };
		E76BBF15235F3F1900A01B2A /* Deals.storyboard in Resources */ = {isa = PBXBuildFile; fileRef = E76BBF14235F3F1900A01B2A /* Deals.storyboard */; };
		E770A65A236AF8D300E1FA3F /* ViewVisitorsViewController.swift in Sources */ = {isa = PBXBuildFile; fileRef = E770A659236AF8D300E1FA3F /* ViewVisitorsViewController.swift */; };
		E77707432362BA6B00095CF6 /* OneToOneCell.xib in Resources */ = {isa = PBXBuildFile; fileRef = E77707412362BA6B00095CF6 /* OneToOneCell.xib */; };
		E77707442362BA6B00095CF6 /* OneToOneCell.swift in Sources */ = {isa = PBXBuildFile; fileRef = E77707422362BA6B00095CF6 /* OneToOneCell.swift */; };
		E77707462362BC7500095CF6 /* MyDealsViewController.swift in Sources */ = {isa = PBXBuildFile; fileRef = E77707452362BC7500095CF6 /* MyDealsViewController.swift */; };
		E777074A2362BDCA00095CF6 /* MeetingDates.storyboard in Resources */ = {isa = PBXBuildFile; fileRef = E77707492362BDCA00095CF6 /* MeetingDates.storyboard */; };
		E777074C2362BF7600095CF6 /* MeetingDatesViewController.swift in Sources */ = {isa = PBXBuildFile; fileRef = E777074B2362BF7600095CF6 /* MeetingDatesViewController.swift */; };
		E777074F2362C13D00095CF6 /* MeetingDatesCell.xib in Resources */ = {isa = PBXBuildFile; fileRef = E777074D2362C13D00095CF6 /* MeetingDatesCell.xib */; };
		E77707502362C13D00095CF6 /* MeetingDatesCell.swift in Sources */ = {isa = PBXBuildFile; fileRef = E777074E2362C13D00095CF6 /* MeetingDatesCell.swift */; };
		E77707522362C23700095CF6 /* MyPerformance.storyboard in Resources */ = {isa = PBXBuildFile; fileRef = E77707512362C23700095CF6 /* MyPerformance.storyboard */; };
		E77707552362C85300095CF6 /* DealsCell.swift in Sources */ = {isa = PBXBuildFile; fileRef = E77707532362C85300095CF6 /* DealsCell.swift */; };
		E77707562362C85300095CF6 /* DealsCell.xib in Resources */ = {isa = PBXBuildFile; fileRef = E77707542362C85300095CF6 /* DealsCell.xib */; };
		E77707582362D44600095CF6 /* MemberList.storyboard in Resources */ = {isa = PBXBuildFile; fileRef = E77707572362D44600095CF6 /* MemberList.storyboard */; };
		E777075A2362D58800095CF6 /* MemberListViewController.swift in Sources */ = {isa = PBXBuildFile; fileRef = E77707592362D58800095CF6 /* MemberListViewController.swift */; };
		E777075D2362D81900095CF6 /* MemberListCell.swift in Sources */ = {isa = PBXBuildFile; fileRef = E777075B2362D81800095CF6 /* MemberListCell.swift */; };
		E777075E2362D81900095CF6 /* MemberListCell.xib in Resources */ = {isa = PBXBuildFile; fileRef = E777075C2362D81900095CF6 /* MemberListCell.xib */; };
		E77707602362F47B00095CF6 /* LinksPopUpViewController.swift in Sources */ = {isa = PBXBuildFile; fileRef = E777075F2362F47B00095CF6 /* LinksPopUpViewController.swift */; };
		E7770762236314AB00095CF6 /* DealsPopUpViewController.swift in Sources */ = {isa = PBXBuildFile; fileRef = E7770761236314AB00095CF6 /* DealsPopUpViewController.swift */; };
		E7770764236314C700095CF6 /* OneToOnePopUpViewController.swift in Sources */ = {isa = PBXBuildFile; fileRef = E7770763236314C700095CF6 /* OneToOnePopUpViewController.swift */; };
		E7770766236316AE00095CF6 /* MemberListPopUpViewController.swift in Sources */ = {isa = PBXBuildFile; fileRef = E7770765236316AE00095CF6 /* MemberListPopUpViewController.swift */; };
		E777076823631BED00095CF6 /* Houses.storyboard in Resources */ = {isa = PBXBuildFile; fileRef = E777076723631BED00095CF6 /* Houses.storyboard */; };
		E777076A23631F0F00095CF6 /* HouseViewController.swift in Sources */ = {isa = PBXBuildFile; fileRef = E777076923631F0F00095CF6 /* HouseViewController.swift */; };
		E777076C23631F2B00095CF6 /* HousePopUpViewController.swift in Sources */ = {isa = PBXBuildFile; fileRef = E777076B23631F2B00095CF6 /* HousePopUpViewController.swift */; };
		E777076F23632BDB00095CF6 /* HousesCell.swift in Sources */ = {isa = PBXBuildFile; fileRef = E777076D23632BDA00095CF6 /* HousesCell.swift */; };
		E777077023632BDB00095CF6 /* HousesCell.xib in Resources */ = {isa = PBXBuildFile; fileRef = E777076E23632BDB00095CF6 /* HousesCell.xib */; };
		E7A2B3A22361B21F004635B1 /* LinksCard.xib in Resources */ = {isa = PBXBuildFile; fileRef = E7A2B3A02361B21F004635B1 /* LinksCard.xib */; };
		E7A2B3A32361B21F004635B1 /* LinksCard.swift in Sources */ = {isa = PBXBuildFile; fileRef = E7A2B3A12361B21F004635B1 /* LinksCard.swift */; };
		E7A2B3A62361D7AA004635B1 /* MyOneToOneViewController.swift in Sources */ = {isa = PBXBuildFile; fileRef = E7A2B3A52361D7AA004635B1 /* MyOneToOneViewController.swift */; };
		E7A2B3A82361D867004635B1 /* OnetoOne.storyboard in Resources */ = {isa = PBXBuildFile; fileRef = E7A2B3A72361D867004635B1 /* OnetoOne.storyboard */; };
		E7A751EC2374161B00FACB3D /* MyPerformanceViewController.swift in Sources */ = {isa = PBXBuildFile; fileRef = E7A751EB2374161B00FACB3D /* MyPerformanceViewController.swift */; };
		E7A751EE237428F400FACB3D /* MeetingPopUpViewController.swift in Sources */ = {isa = PBXBuildFile; fileRef = E7A751ED237428F400FACB3D /* MeetingPopUpViewController.swift */; };
		E7BADB40235F44880041E27E /* MyLinksViewController.swift in Sources */ = {isa = PBXBuildFile; fileRef = E7BADB3F235F44880041E27E /* MyLinksViewController.swift */; };
		E7D7AF862366BD10006A89C5 /* ViewDetailsCell.swift in Sources */ = {isa = PBXBuildFile; fileRef = E7D7AF842366BD10006A89C5 /* ViewDetailsCell.swift */; };
		E7D7AF872366BD10006A89C5 /* ViewDetailsCell.xib in Resources */ = {isa = PBXBuildFile; fileRef = E7D7AF852366BD10006A89C5 /* ViewDetailsCell.xib */; };
		E7D7AF892366C010006A89C5 /* ViewLinksViewController.swift in Sources */ = {isa = PBXBuildFile; fileRef = E7D7AF882366C010006A89C5 /* ViewLinksViewController.swift */; };
		E7D7AF8B2366C461006A89C5 /* ViewDealsViewController.swift in Sources */ = {isa = PBXBuildFile; fileRef = E7D7AF8A2366C461006A89C5 /* ViewDealsViewController.swift */; };
		E7D7AF8D2366C568006A89C5 /* ViewOneToOneViewController.swift in Sources */ = {isa = PBXBuildFile; fileRef = E7D7AF8C2366C568006A89C5 /* ViewOneToOneViewController.swift */; };
		E7D7AF8F2366CE16006A89C5 /* AddMeetingDateViewController.swift in Sources */ = {isa = PBXBuildFile; fileRef = E7D7AF8E2366CE15006A89C5 /* AddMeetingDateViewController.swift */; };
		E7D7AF912366E750006A89C5 /* FAQViewController.swift in Sources */ = {isa = PBXBuildFile; fileRef = E7D7AF902366E750006A89C5 /* FAQViewController.swift */; };
		E7EAF9CB2357188800811006 /* CardView.swift in Sources */ = {isa = PBXBuildFile; fileRef = E7EAF9CA2357188800811006 /* CardView.swift */; };
		ED8F17A42355B138006CB5A7 /* Extensions.swift in Sources */ = {isa = PBXBuildFile; fileRef = ED8F17A32355B138006CB5A7 /* Extensions.swift */; };
		ED8F17A62355B21F006CB5A7 /* Theme.swift in Sources */ = {isa = PBXBuildFile; fileRef = ED8F17A52355B21F006CB5A7 /* Theme.swift */; };
		EDA598292354A59300B2EC6D /* AppDelegate.swift in Sources */ = {isa = PBXBuildFile; fileRef = EDA598282354A59300B2EC6D /* AppDelegate.swift */; };
		EDA5982B2354A59300B2EC6D /* LogInViewController.swift in Sources */ = {isa = PBXBuildFile; fileRef = EDA5982A2354A59300B2EC6D /* LogInViewController.swift */; };
		EDA5982E2354A59300B2EC6D /* Main.storyboard in Resources */ = {isa = PBXBuildFile; fileRef = EDA5982C2354A59300B2EC6D /* Main.storyboard */; };
		EDA598332354A59700B2EC6D /* LaunchScreen.storyboard in Resources */ = {isa = PBXBuildFile; fileRef = EDA598312354A59700B2EC6D /* LaunchScreen.storyboard */; };
		EDA5983D2354A62B00B2EC6D /* DTextField.swift in Sources */ = {isa = PBXBuildFile; fileRef = EDA5983B2354A62B00B2EC6D /* DTextField.swift */; };
		EDA5983E2354A62B00B2EC6D /* DButton.swift in Sources */ = {isa = PBXBuildFile; fileRef = EDA5983C2354A62B00B2EC6D /* DButton.swift */; };
/* End PBXBuildFile section */

/* Begin PBXFileReference section */
		0ABE6C34A15EB54EE78122C9 /* Pods_weVysya.framework */ = {isa = PBXFileReference; explicitFileType = wrapper.framework; includeInIndex = 0; path = Pods_weVysya.framework; sourceTree = BUILT_PRODUCTS_DIR; };
		5C4C5AA3235D807F00B7A2FD /* SlideInTransition.swift */ = {isa = PBXFileReference; lastKnownFileType = sourcecode.swift; path = SlideInTransition.swift; sourceTree = "<group>"; };
		5C4C5AA5235DDAE800B7A2FD /* RenewViewController.swift */ = {isa = PBXFileReference; lastKnownFileType = sourcecode.swift; path = RenewViewController.swift; sourceTree = "<group>"; };
		5C4C5AA7235DDC5900B7A2FD /* ContactUsViewController.swift */ = {isa = PBXFileReference; lastKnownFileType = sourcecode.swift; path = ContactUsViewController.swift; sourceTree = "<group>"; };
		5C4C5AA9235DE0D700B7A2FD /* EditProfileViewController.swift */ = {isa = PBXFileReference; lastKnownFileType = sourcecode.swift; path = EditProfileViewController.swift; sourceTree = "<group>"; };
		5C4C5AAB235DE78C00B7A2FD /* Assets.xcassets */ = {isa = PBXFileReference; lastKnownFileType = folder.assetcatalog; path = Assets.xcassets; sourceTree = "<group>"; };
		5C4D41582359EEC600D9D259 /* MenuViewController.swift */ = {isa = PBXFileReference; lastKnownFileType = sourcecode.swift; path = MenuViewController.swift; sourceTree = "<group>"; };
		5C53C110235844D800761BE1 /* HomeViewController.swift */ = {isa = PBXFileReference; lastKnownFileType = sourcecode.swift; path = HomeViewController.swift; sourceTree = "<group>"; };
		5C56444623682315003D8199 /* UserData.xcdatamodel */ = {isa = PBXFileReference; lastKnownFileType = wrapper.xcdatamodel; path = UserData.xcdatamodel; sourceTree = "<group>"; };
		5C56448723684BA1003D8199 /* faqCustomCell.swift */ = {isa = PBXFileReference; lastKnownFileType = sourcecode.swift; path = faqCustomCell.swift; sourceTree = "<group>"; };
		73855A495F995C5A3A98B08C /* Pods-weVysya.debug.xcconfig */ = {isa = PBXFileReference; includeInIndex = 1; lastKnownFileType = text.xcconfig; name = "Pods-weVysya.debug.xcconfig"; path = "Target Support Files/Pods-weVysya/Pods-weVysya.debug.xcconfig"; sourceTree = "<group>"; };
		B13C11639131DF606B51B738 /* Pods-weVysya.release.xcconfig */ = {isa = PBXFileReference; includeInIndex = 1; lastKnownFileType = text.xcconfig; name = "Pods-weVysya.release.xcconfig"; path = "Target Support Files/Pods-weVysya/Pods-weVysya.release.xcconfig"; sourceTree = "<group>"; };
		E7283385237A7BA800A1B903 /* OneToOneViewController.swift */ = {isa = PBXFileReference; lastKnownFileType = sourcecode.swift; path = OneToOneViewController.swift; sourceTree = "<group>"; };
		E754462D23732622008754F0 /* DealViewController.swift */ = {isa = PBXFileReference; lastKnownFileType = sourcecode.swift; path = DealViewController.swift; sourceTree = "<group>"; };
		E76BBF0C235F29F100A01B2A /* Links.storyboard */ = {isa = PBXFileReference; lastKnownFileType = file.storyboard; path = Links.storyboard; sourceTree = "<group>"; };
		E76BBF11235F316300A01B2A /* LinkViewController.swift */ = {isa = PBXFileReference; lastKnownFileType = sourcecode.swift; path = LinkViewController.swift; sourceTree = "<group>"; };
		E76BBF14235F3F1900A01B2A /* Deals.storyboard */ = {isa = PBXFileReference; lastKnownFileType = file.storyboard; path = Deals.storyboard; sourceTree = "<group>"; };
		E770A659236AF8D300E1FA3F /* ViewVisitorsViewController.swift */ = {isa = PBXFileReference; lastKnownFileType = sourcecode.swift; path = ViewVisitorsViewController.swift; sourceTree = "<group>"; };
		E77707412362BA6B00095CF6 /* OneToOneCell.xib */ = {isa = PBXFileReference; fileEncoding = 4; lastKnownFileType = file.xib; path = OneToOneCell.xib; sourceTree = "<group>"; };
		E77707422362BA6B00095CF6 /* OneToOneCell.swift */ = {isa = PBXFileReference; fileEncoding = 4; lastKnownFileType = sourcecode.swift; path = OneToOneCell.swift; sourceTree = "<group>"; };
		E77707452362BC7500095CF6 /* MyDealsViewController.swift */ = {isa = PBXFileReference; lastKnownFileType = sourcecode.swift; path = MyDealsViewController.swift; sourceTree = "<group>"; };
		E77707492362BDCA00095CF6 /* MeetingDates.storyboard */ = {isa = PBXFileReference; lastKnownFileType = file.storyboard; path = MeetingDates.storyboard; sourceTree = "<group>"; };
		E777074B2362BF7600095CF6 /* MeetingDatesViewController.swift */ = {isa = PBXFileReference; lastKnownFileType = sourcecode.swift; path = MeetingDatesViewController.swift; sourceTree = "<group>"; };
		E777074D2362C13D00095CF6 /* MeetingDatesCell.xib */ = {isa = PBXFileReference; fileEncoding = 4; lastKnownFileType = file.xib; path = MeetingDatesCell.xib; sourceTree = "<group>"; };
		E777074E2362C13D00095CF6 /* MeetingDatesCell.swift */ = {isa = PBXFileReference; fileEncoding = 4; lastKnownFileType = sourcecode.swift; path = MeetingDatesCell.swift; sourceTree = "<group>"; };
		E77707512362C23700095CF6 /* MyPerformance.storyboard */ = {isa = PBXFileReference; lastKnownFileType = file.storyboard; path = MyPerformance.storyboard; sourceTree = "<group>"; };
		E77707532362C85300095CF6 /* DealsCell.swift */ = {isa = PBXFileReference; fileEncoding = 4; lastKnownFileType = sourcecode.swift; path = DealsCell.swift; sourceTree = "<group>"; };
		E77707542362C85300095CF6 /* DealsCell.xib */ = {isa = PBXFileReference; fileEncoding = 4; lastKnownFileType = file.xib; path = DealsCell.xib; sourceTree = "<group>"; };
		E77707572362D44600095CF6 /* MemberList.storyboard */ = {isa = PBXFileReference; lastKnownFileType = file.storyboard; path = MemberList.storyboard; sourceTree = "<group>"; };
		E77707592362D58800095CF6 /* MemberListViewController.swift */ = {isa = PBXFileReference; lastKnownFileType = sourcecode.swift; path = MemberListViewController.swift; sourceTree = "<group>"; };
		E777075B2362D81800095CF6 /* MemberListCell.swift */ = {isa = PBXFileReference; fileEncoding = 4; lastKnownFileType = sourcecode.swift; path = MemberListCell.swift; sourceTree = "<group>"; };
		E777075C2362D81900095CF6 /* MemberListCell.xib */ = {isa = PBXFileReference; fileEncoding = 4; lastKnownFileType = file.xib; path = MemberListCell.xib; sourceTree = "<group>"; };
		E777075F2362F47B00095CF6 /* LinksPopUpViewController.swift */ = {isa = PBXFileReference; lastKnownFileType = sourcecode.swift; path = LinksPopUpViewController.swift; sourceTree = "<group>"; };
		E7770761236314AB00095CF6 /* DealsPopUpViewController.swift */ = {isa = PBXFileReference; lastKnownFileType = sourcecode.swift; path = DealsPopUpViewController.swift; sourceTree = "<group>"; };
		E7770763236314C700095CF6 /* OneToOnePopUpViewController.swift */ = {isa = PBXFileReference; lastKnownFileType = sourcecode.swift; path = OneToOnePopUpViewController.swift; sourceTree = "<group>"; };
		E7770765236316AE00095CF6 /* MemberListPopUpViewController.swift */ = {isa = PBXFileReference; lastKnownFileType = sourcecode.swift; path = MemberListPopUpViewController.swift; sourceTree = "<group>"; };
		E777076723631BED00095CF6 /* Houses.storyboard */ = {isa = PBXFileReference; lastKnownFileType = file.storyboard; path = Houses.storyboard; sourceTree = "<group>"; };
		E777076923631F0F00095CF6 /* HouseViewController.swift */ = {isa = PBXFileReference; lastKnownFileType = sourcecode.swift; path = HouseViewController.swift; sourceTree = "<group>"; };
		E777076B23631F2B00095CF6 /* HousePopUpViewController.swift */ = {isa = PBXFileReference; lastKnownFileType = sourcecode.swift; path = HousePopUpViewController.swift; sourceTree = "<group>"; };
		E777076D23632BDA00095CF6 /* HousesCell.swift */ = {isa = PBXFileReference; fileEncoding = 4; lastKnownFileType = sourcecode.swift; path = HousesCell.swift; sourceTree = "<group>"; };
		E777076E23632BDB00095CF6 /* HousesCell.xib */ = {isa = PBXFileReference; fileEncoding = 4; lastKnownFileType = file.xib; path = HousesCell.xib; sourceTree = "<group>"; };
		E7A2B3A02361B21F004635B1 /* LinksCard.xib */ = {isa = PBXFileReference; fileEncoding = 4; lastKnownFileType = file.xib; path = LinksCard.xib; sourceTree = "<group>"; };
		E7A2B3A12361B21F004635B1 /* LinksCard.swift */ = {isa = PBXFileReference; fileEncoding = 4; lastKnownFileType = sourcecode.swift; path = LinksCard.swift; sourceTree = "<group>"; };
		E7A2B3A52361D7AA004635B1 /* MyOneToOneViewController.swift */ = {isa = PBXFileReference; lastKnownFileType = sourcecode.swift; path = MyOneToOneViewController.swift; sourceTree = "<group>"; };
		E7A2B3A72361D867004635B1 /* OnetoOne.storyboard */ = {isa = PBXFileReference; lastKnownFileType = file.storyboard; path = OnetoOne.storyboard; sourceTree = "<group>"; };
		E7A751EB2374161B00FACB3D /* MyPerformanceViewController.swift */ = {isa = PBXFileReference; lastKnownFileType = sourcecode.swift; path = MyPerformanceViewController.swift; sourceTree = "<group>"; };
		E7A751ED237428F400FACB3D /* MeetingPopUpViewController.swift */ = {isa = PBXFileReference; lastKnownFileType = sourcecode.swift; path = MeetingPopUpViewController.swift; sourceTree = "<group>"; };
		E7BADB3F235F44880041E27E /* MyLinksViewController.swift */ = {isa = PBXFileReference; lastKnownFileType = sourcecode.swift; path = MyLinksViewController.swift; sourceTree = "<group>"; };
		E7D7AF842366BD10006A89C5 /* ViewDetailsCell.swift */ = {isa = PBXFileReference; lastKnownFileType = sourcecode.swift; path = ViewDetailsCell.swift; sourceTree = "<group>"; };
		E7D7AF852366BD10006A89C5 /* ViewDetailsCell.xib */ = {isa = PBXFileReference; lastKnownFileType = file.xib; path = ViewDetailsCell.xib; sourceTree = "<group>"; };
		E7D7AF882366C010006A89C5 /* ViewLinksViewController.swift */ = {isa = PBXFileReference; lastKnownFileType = sourcecode.swift; path = ViewLinksViewController.swift; sourceTree = "<group>"; };
		E7D7AF8A2366C461006A89C5 /* ViewDealsViewController.swift */ = {isa = PBXFileReference; lastKnownFileType = sourcecode.swift; path = ViewDealsViewController.swift; sourceTree = "<group>"; };
		E7D7AF8C2366C568006A89C5 /* ViewOneToOneViewController.swift */ = {isa = PBXFileReference; lastKnownFileType = sourcecode.swift; path = ViewOneToOneViewController.swift; sourceTree = "<group>"; };
		E7D7AF8E2366CE15006A89C5 /* AddMeetingDateViewController.swift */ = {isa = PBXFileReference; lastKnownFileType = sourcecode.swift; path = AddMeetingDateViewController.swift; sourceTree = "<group>"; };
		E7D7AF902366E750006A89C5 /* FAQViewController.swift */ = {isa = PBXFileReference; lastKnownFileType = sourcecode.swift; path = FAQViewController.swift; sourceTree = "<group>"; };
		E7EAF9CA2357188800811006 /* CardView.swift */ = {isa = PBXFileReference; lastKnownFileType = sourcecode.swift; path = CardView.swift; sourceTree = "<group>"; };
		ED8F17A32355B138006CB5A7 /* Extensions.swift */ = {isa = PBXFileReference; lastKnownFileType = sourcecode.swift; path = Extensions.swift; sourceTree = "<group>"; };
		ED8F17A52355B21F006CB5A7 /* Theme.swift */ = {isa = PBXFileReference; lastKnownFileType = sourcecode.swift; path = Theme.swift; sourceTree = "<group>"; };
		EDA598252354A59300B2EC6D /* weVysya.app */ = {isa = PBXFileReference; explicitFileType = wrapper.application; includeInIndex = 0; path = weVysya.app; sourceTree = BUILT_PRODUCTS_DIR; };
		EDA598282354A59300B2EC6D /* AppDelegate.swift */ = {isa = PBXFileReference; lastKnownFileType = sourcecode.swift; path = AppDelegate.swift; sourceTree = "<group>"; };
		EDA5982A2354A59300B2EC6D /* LogInViewController.swift */ = {isa = PBXFileReference; lastKnownFileType = sourcecode.swift; path = LogInViewController.swift; sourceTree = "<group>"; };
		EDA5982D2354A59300B2EC6D /* Base */ = {isa = PBXFileReference; lastKnownFileType = file.storyboard; name = Base; path = Base.lproj/Main.storyboard; sourceTree = "<group>"; };
		EDA598322354A59700B2EC6D /* Base */ = {isa = PBXFileReference; lastKnownFileType = file.storyboard; name = Base; path = Base.lproj/LaunchScreen.storyboard; sourceTree = "<group>"; };
		EDA598342354A59700B2EC6D /* Info.plist */ = {isa = PBXFileReference; lastKnownFileType = text.plist.xml; path = Info.plist; sourceTree = "<group>"; };
		EDA5983B2354A62B00B2EC6D /* DTextField.swift */ = {isa = PBXFileReference; fileEncoding = 4; lastKnownFileType = sourcecode.swift; path = DTextField.swift; sourceTree = "<group>"; };
		EDA5983C2354A62B00B2EC6D /* DButton.swift */ = {isa = PBXFileReference; fileEncoding = 4; lastKnownFileType = sourcecode.swift; path = DButton.swift; sourceTree = "<group>"; };
/* End PBXFileReference section */

/* Begin PBXFrameworksBuildPhase section */
		EDA598222354A59300B2EC6D /* Frameworks */ = {
			isa = PBXFrameworksBuildPhase;
			buildActionMask = 2147483647;
			files = (
				A3DED2F59F8537F940AFE1D7 /* Pods_weVysya.framework in Frameworks */,
			);
			runOnlyForDeploymentPostprocessing = 0;
		};
/* End PBXFrameworksBuildPhase section */

/* Begin PBXGroup section */
		6E360B520AE40DD3FF4A3070 /* Frameworks */ = {
			isa = PBXGroup;
			children = (
				0ABE6C34A15EB54EE78122C9 /* Pods_weVysya.framework */,
			);
			name = Frameworks;
			sourceTree = "<group>";
		};
		E4051CF425DC19A52A96F4F8 /* Pods */ = {
			isa = PBXGroup;
			children = (
				73855A495F995C5A3A98B08C /* Pods-weVysya.debug.xcconfig */,
				B13C11639131DF606B51B738 /* Pods-weVysya.release.xcconfig */,
			);
			path = Pods;
			sourceTree = "<group>";
		};
		E76BBF10235F30A700A01B2A /* HomeControllers */ = {
			isa = PBXGroup;
			children = (
				E76BBF11235F316300A01B2A /* LinkViewController.swift */,
				E754462D23732622008754F0 /* DealViewController.swift */,
				E7283385237A7BA800A1B903 /* OneToOneViewController.swift */,
				E7A2B3A52361D7AA004635B1 /* MyOneToOneViewController.swift */,
				E7BADB3F235F44880041E27E /* MyLinksViewController.swift */,
				E77707452362BC7500095CF6 /* MyDealsViewController.swift */,
				E777074B2362BF7600095CF6 /* MeetingDatesViewController.swift */,
				E77707592362D58800095CF6 /* MemberListViewController.swift */,
				E777075F2362F47B00095CF6 /* LinksPopUpViewController.swift */,
				E7770761236314AB00095CF6 /* DealsPopUpViewController.swift */,
				E777076B23631F2B00095CF6 /* HousePopUpViewController.swift */,
				E7770763236314C700095CF6 /* OneToOnePopUpViewController.swift */,
				E7770765236316AE00095CF6 /* MemberListPopUpViewController.swift */,
				E777076923631F0F00095CF6 /* HouseViewController.swift */,
				E7A751EB2374161B00FACB3D /* MyPerformanceViewController.swift */,
				E7A751ED237428F400FACB3D /* MeetingPopUpViewController.swift */,
			);
			path = HomeControllers;
			sourceTree = "<group>";
		};
		E76BBF13235F3E4500A01B2A /* Storyboards */ = {
			isa = PBXGroup;
			children = (
				EDA5982C2354A59300B2EC6D /* Main.storyboard */,
				EDA598312354A59700B2EC6D /* LaunchScreen.storyboard */,
				E76BBF0C235F29F100A01B2A /* Links.storyboard */,
				E76BBF14235F3F1900A01B2A /* Deals.storyboard */,
				E7A2B3A72361D867004635B1 /* OnetoOne.storyboard */,
				E77707492362BDCA00095CF6 /* MeetingDates.storyboard */,
				E77707512362C23700095CF6 /* MyPerformance.storyboard */,
				E77707572362D44600095CF6 /* MemberList.storyboard */,
				E777076723631BED00095CF6 /* Houses.storyboard */,
			);
			path = Storyboards;
			sourceTree = "<group>";
		};
		E7A2B3A42361C9A3004635B1 /* CustomCards */ = {
			isa = PBXGroup;
			children = (
				E777076D23632BDA00095CF6 /* HousesCell.swift */,
				E777076E23632BDB00095CF6 /* HousesCell.xib */,
				E777075B2362D81800095CF6 /* MemberListCell.swift */,
				E777075C2362D81900095CF6 /* MemberListCell.xib */,
				E77707422362BA6B00095CF6 /* OneToOneCell.swift */,
				E77707412362BA6B00095CF6 /* OneToOneCell.xib */,
				E7A2B3A12361B21F004635B1 /* LinksCard.swift */,
				E7A2B3A02361B21F004635B1 /* LinksCard.xib */,
				E777074E2362C13D00095CF6 /* MeetingDatesCell.swift */,
				E777074D2362C13D00095CF6 /* MeetingDatesCell.xib */,
				E77707532362C85300095CF6 /* DealsCell.swift */,
				E77707542362C85300095CF6 /* DealsCell.xib */,
				E7D7AF842366BD10006A89C5 /* ViewDetailsCell.swift */,
				E7D7AF852366BD10006A89C5 /* ViewDetailsCell.xib */,
			);
			path = CustomCards;
			sourceTree = "<group>";
		};
		ED8F179A23559B61006CB5A7 /* SideControllers */ = {
			isa = PBXGroup;
			children = (
				EDA5982A2354A59300B2EC6D /* LogInViewController.swift */,
				5C53C110235844D800761BE1 /* HomeViewController.swift */,
				5C4D41582359EEC600D9D259 /* MenuViewController.swift */,
				5C4C5AA3235D807F00B7A2FD /* SlideInTransition.swift */,
				5C4C5AA5235DDAE800B7A2FD /* RenewViewController.swift */,
				5C4C5AA7235DDC5900B7A2FD /* ContactUsViewController.swift */,
				5C4C5AA9235DE0D700B7A2FD /* EditProfileViewController.swift */,
				E7D7AF882366C010006A89C5 /* ViewLinksViewController.swift */,
				E7D7AF8A2366C461006A89C5 /* ViewDealsViewController.swift */,
				E7D7AF8C2366C568006A89C5 /* ViewOneToOneViewController.swift */,
				E7D7AF8E2366CE15006A89C5 /* AddMeetingDateViewController.swift */,
				E7D7AF902366E750006A89C5 /* FAQViewController.swift */,
				5C56448723684BA1003D8199 /* faqCustomCell.swift */,
				E770A659236AF8D300E1FA3F /* ViewVisitorsViewController.swift */,
			);
			path = SideControllers;
			sourceTree = "<group>";
		};
		EDA5981C2354A59300B2EC6D = {
			isa = PBXGroup;
			children = (
				EDA598272354A59300B2EC6D /* weVysya */,
				EDA598262354A59300B2EC6D /* Products */,
				E4051CF425DC19A52A96F4F8 /* Pods */,
				6E360B520AE40DD3FF4A3070 /* Frameworks */,
			);
			sourceTree = "<group>";
		};
		EDA598262354A59300B2EC6D /* Products */ = {
			isa = PBXGroup;
			children = (
				EDA598252354A59300B2EC6D /* weVysya.app */,
			);
			name = Products;
			sourceTree = "<group>";
		};
		EDA598272354A59300B2EC6D /* weVysya */ = {
			isa = PBXGroup;
			children = (
				E7A2B3A42361C9A3004635B1 /* CustomCards */,
				E76BBF13235F3E4500A01B2A /* Storyboards */,
				E76BBF10235F30A700A01B2A /* HomeControllers */,
				ED8F179A23559B61006CB5A7 /* SideControllers */,
				EDA5983A2354A62B00B2EC6D /* CustomComponents */,
				EDA598282354A59300B2EC6D /* AppDelegate.swift */,
				5C4C5AAB235DE78C00B7A2FD /* Assets.xcassets */,
				EDA598342354A59700B2EC6D /* Info.plist */,
				5C56444523682315003D8199 /* UserData.xcdatamodeld */,
			);
			path = weVysya;
			sourceTree = "<group>";
		};
		EDA5983A2354A62B00B2EC6D /* CustomComponents */ = {
			isa = PBXGroup;
			children = (
				EDA5983B2354A62B00B2EC6D /* DTextField.swift */,
				EDA5983C2354A62B00B2EC6D /* DButton.swift */,
				ED8F17A32355B138006CB5A7 /* Extensions.swift */,
				ED8F17A52355B21F006CB5A7 /* Theme.swift */,
				E7EAF9CA2357188800811006 /* CardView.swift */,
			);
			path = CustomComponents;
			sourceTree = "<group>";
		};
/* End PBXGroup section */

/* Begin PBXNativeTarget section */
		EDA598242354A59300B2EC6D /* weVysya */ = {
			isa = PBXNativeTarget;
			buildConfigurationList = EDA598372354A59700B2EC6D /* Build configuration list for PBXNativeTarget "weVysya" */;
			buildPhases = (
				4E7B8C19E407A65777A34A7D /* [CP] Check Pods Manifest.lock */,
				EDA598212354A59300B2EC6D /* Sources */,
				EDA598222354A59300B2EC6D /* Frameworks */,
				EDA598232354A59300B2EC6D /* Resources */,
				D6C20320847857985C3D9643 /* [CP] Embed Pods Frameworks */,
			);
			buildRules = (
			);
			dependencies = (
			);
			name = weVysya;
			productName = weVysya;
			productReference = EDA598252354A59300B2EC6D /* weVysya.app */;
			productType = "com.apple.product-type.application";
		};
/* End PBXNativeTarget section */

/* Begin PBXProject section */
		EDA5981D2354A59300B2EC6D /* Project object */ = {
			isa = PBXProject;
			attributes = {
				LastSwiftUpdateCheck = 1010;
				LastUpgradeCheck = 1010;
				ORGANIZATIONNAME = Centura;
				TargetAttributes = {
					EDA598242354A59300B2EC6D = {
						CreatedOnToolsVersion = 10.1;
						LastSwiftMigration = 1100;
					};
				};
			};
			buildConfigurationList = EDA598202354A59300B2EC6D /* Build configuration list for PBXProject "weVysya" */;
			compatibilityVersion = "Xcode 9.3";
			developmentRegion = en;
			hasScannedForEncodings = 0;
			knownRegions = (
				en,
				Base,
			);
			mainGroup = EDA5981C2354A59300B2EC6D;
			productRefGroup = EDA598262354A59300B2EC6D /* Products */;
			projectDirPath = "";
			projectRoot = "";
			targets = (
				EDA598242354A59300B2EC6D /* weVysya */,
			);
		};
/* End PBXProject section */

/* Begin PBXResourcesBuildPhase section */
		EDA598232354A59300B2EC6D /* Resources */ = {
			isa = PBXResourcesBuildPhase;
			buildActionMask = 2147483647;
			files = (
				E77707432362BA6B00095CF6 /* OneToOneCell.xib in Resources */,
				E7D7AF872366BD10006A89C5 /* ViewDetailsCell.xib in Resources */,
				E777075E2362D81900095CF6 /* MemberListCell.xib in Resources */,
				E7A2B3A22361B21F004635B1 /* LinksCard.xib in Resources */,
				E76BBF15235F3F1900A01B2A /* Deals.storyboard in Resources */,
				E76BBF0D235F29F100A01B2A /* Links.storyboard in Resources */,
				E77707522362C23700095CF6 /* MyPerformance.storyboard in Resources */,
				E777077023632BDB00095CF6 /* HousesCell.xib in Resources */,
				EDA598332354A59700B2EC6D /* LaunchScreen.storyboard in Resources */,
				5C4C5AAC235DE78C00B7A2FD /* Assets.xcassets in Resources */,
				E77707562362C85300095CF6 /* DealsCell.xib in Resources */,
				E777074A2362BDCA00095CF6 /* MeetingDates.storyboard in Resources */,
				E777074F2362C13D00095CF6 /* MeetingDatesCell.xib in Resources */,
				E77707582362D44600095CF6 /* MemberList.storyboard in Resources */,
				E7A2B3A82361D867004635B1 /* OnetoOne.storyboard in Resources */,
				EDA5982E2354A59300B2EC6D /* Main.storyboard in Resources */,
				E777076823631BED00095CF6 /* Houses.storyboard in Resources */,
			);
			runOnlyForDeploymentPostprocessing = 0;
		};
/* End PBXResourcesBuildPhase section */

/* Begin PBXShellScriptBuildPhase section */
		4E7B8C19E407A65777A34A7D /* [CP] Check Pods Manifest.lock */ = {
			isa = PBXShellScriptBuildPhase;
			buildActionMask = 2147483647;
			files = (
			);
			inputFileListPaths = (
			);
			inputPaths = (
				"${PODS_PODFILE_DIR_PATH}/Podfile.lock",
				"${PODS_ROOT}/Manifest.lock",
			);
			name = "[CP] Check Pods Manifest.lock";
			outputFileListPaths = (
			);
			outputPaths = (
				"$(DERIVED_FILE_DIR)/Pods-weVysya-checkManifestLockResult.txt",
			);
			runOnlyForDeploymentPostprocessing = 0;
			shellPath = /bin/sh;
			shellScript = "diff \"${PODS_PODFILE_DIR_PATH}/Podfile.lock\" \"${PODS_ROOT}/Manifest.lock\" > /dev/null\nif [ $? != 0 ] ; then\n    # print error to STDERR\n    echo \"error: The sandbox is not in sync with the Podfile.lock. Run 'pod install' or update your CocoaPods installation.\" >&2\n    exit 1\nfi\n# This output is used by Xcode 'outputs' to avoid re-running this script phase.\necho \"SUCCESS\" > \"${SCRIPT_OUTPUT_FILE_0}\"\n";
			showEnvVarsInLog = 0;
		};
		D6C20320847857985C3D9643 /* [CP] Embed Pods Frameworks */ = {
			isa = PBXShellScriptBuildPhase;
			buildActionMask = 2147483647;
			files = (
			);
			inputFileListPaths = (
				"${PODS_ROOT}/Target Support Files/Pods-weVysya/Pods-weVysya-frameworks-${CONFIGURATION}-input-files.xcfilelist",
			);
			name = "[CP] Embed Pods Frameworks";
			outputFileListPaths = (
				"${PODS_ROOT}/Target Support Files/Pods-weVysya/Pods-weVysya-frameworks-${CONFIGURATION}-output-files.xcfilelist",
			);
			runOnlyForDeploymentPostprocessing = 0;
			shellPath = /bin/sh;
			shellScript = "\"${PODS_ROOT}/Target Support Files/Pods-weVysya/Pods-weVysya-frameworks.sh\"\n";
			showEnvVarsInLog = 0;
		};
/* End PBXShellScriptBuildPhase section */

/* Begin PBXSourcesBuildPhase section */
		EDA598212354A59300B2EC6D /* Sources */ = {
			isa = PBXSourcesBuildPhase;
			buildActionMask = 2147483647;
			files = (
				5C56444723682315003D8199 /* UserData.xcdatamodeld in Sources */,
				E7D7AF8F2366CE16006A89C5 /* AddMeetingDateViewController.swift in Sources */,
				E7D7AF8D2366C568006A89C5 /* ViewOneToOneViewController.swift in Sources */,
				5C4C5AAA235DE0D700B7A2FD /* EditProfileViewController.swift in Sources */,
				EDA5983E2354A62B00B2EC6D /* DButton.swift in Sources */,
				E7A751EC2374161B00FACB3D /* MyPerformanceViewController.swift in Sources */,
				EDA5983D2354A62B00B2EC6D /* DTextField.swift in Sources */,
				E7D7AF892366C010006A89C5 /* ViewLinksViewController.swift in Sources */,
				E7770762236314AB00095CF6 /* DealsPopUpViewController.swift in Sources */,
				E770A65A236AF8D300E1FA3F /* ViewVisitorsViewController.swift in Sources */,
				EDA5982B2354A59300B2EC6D /* LogInViewController.swift in Sources */,
				E777074C2362BF7600095CF6 /* MeetingDatesViewController.swift in Sources */,
				E777076F23632BDB00095CF6 /* HousesCell.swift in Sources */,
				E777075A2362D58800095CF6 /* MemberListViewController.swift in Sources */,
				5C53C111235844D800761BE1 /* HomeViewController.swift in Sources */,
				5C4D41592359EEC600D9D259 /* MenuViewController.swift in Sources */,
				E7770764236314C700095CF6 /* OneToOnePopUpViewController.swift in Sources */,
				EDA598292354A59300B2EC6D /* AppDelegate.swift in Sources */,
				E7BADB40235F44880041E27E /* MyLinksViewController.swift in Sources */,
				E77707602362F47B00095CF6 /* LinksPopUpViewController.swift in Sources */,
				E754462E23732622008754F0 /* DealViewController.swift in Sources */,
				E77707442362BA6B00095CF6 /* OneToOneCell.swift in Sources */,
				E777075D2362D81900095CF6 /* MemberListCell.swift in Sources */,
				E7A751EE237428F400FACB3D /* MeetingPopUpViewController.swift in Sources */,
				E77707502362C13D00095CF6 /* MeetingDatesCell.swift in Sources */,
				E7D7AF912366E750006A89C5 /* FAQViewController.swift in Sources */,
				E7D7AF862366BD10006A89C5 /* ViewDetailsCell.swift in Sources */,
				5C4C5AA6235DDAE800B7A2FD /* RenewViewController.swift in Sources */,
				5C56448823684BA1003D8199 /* faqCustomCell.swift in Sources */,
				E7283386237A7BA800A1B903 /* OneToOneViewController.swift in Sources */,
				E777076A23631F0F00095CF6 /* HouseViewController.swift in Sources */,
				E7770766236316AE00095CF6 /* MemberListPopUpViewController.swift in Sources */,
				ED8F17A62355B21F006CB5A7 /* Theme.swift in Sources */,
				ED8F17A42355B138006CB5A7 /* Extensions.swift in Sources */,
				E76BBF12235F316300A01B2A /* LinkViewController.swift in Sources */,
				E7A2B3A32361B21F004635B1 /* LinksCard.swift in Sources */,
				E7EAF9CB2357188800811006 /* CardView.swift in Sources */,
				E7D7AF8B2366C461006A89C5 /* ViewDealsViewController.swift in Sources */,
				E777076C23631F2B00095CF6 /* HousePopUpViewController.swift in Sources */,
				5C4C5AA4235D807F00B7A2FD /* SlideInTransition.swift in Sources */,
				E77707462362BC7500095CF6 /* MyDealsViewController.swift in Sources */,
				E77707552362C85300095CF6 /* DealsCell.swift in Sources */,
				E7A2B3A62361D7AA004635B1 /* MyOneToOneViewController.swift in Sources */,
				5C4C5AA8235DDC5900B7A2FD /* ContactUsViewController.swift in Sources */,
			);
			runOnlyForDeploymentPostprocessing = 0;
		};
/* End PBXSourcesBuildPhase section */

/* Begin PBXVariantGroup section */
		EDA5982C2354A59300B2EC6D /* Main.storyboard */ = {
			isa = PBXVariantGroup;
			children = (
				EDA5982D2354A59300B2EC6D /* Base */,
			);
			name = Main.storyboard;
			sourceTree = "<group>";
		};
		EDA598312354A59700B2EC6D /* LaunchScreen.storyboard */ = {
			isa = PBXVariantGroup;
			children = (
				EDA598322354A59700B2EC6D /* Base */,
			);
			name = LaunchScreen.storyboard;
			sourceTree = "<group>";
		};
/* End PBXVariantGroup section */

/* Begin XCBuildConfiguration section */
		EDA598352354A59700B2EC6D /* Debug */ = {
			isa = XCBuildConfiguration;
			buildSettings = {
				ALWAYS_SEARCH_USER_PATHS = NO;
				CLANG_ANALYZER_NONNULL = YES;
				CLANG_ANALYZER_NUMBER_OBJECT_CONVERSION = YES_AGGRESSIVE;
				CLANG_CXX_LANGUAGE_STANDARD = "gnu++14";
				CLANG_CXX_LIBRARY = "libc++";
				CLANG_ENABLE_MODULES = YES;
				CLANG_ENABLE_OBJC_ARC = YES;
				CLANG_ENABLE_OBJC_WEAK = YES;
				CLANG_WARN_BLOCK_CAPTURE_AUTORELEASING = YES;
				CLANG_WARN_BOOL_CONVERSION = YES;
				CLANG_WARN_COMMA = YES;
				CLANG_WARN_CONSTANT_CONVERSION = YES;
				CLANG_WARN_DEPRECATED_OBJC_IMPLEMENTATIONS = YES;
				CLANG_WARN_DIRECT_OBJC_ISA_USAGE = YES_ERROR;
				CLANG_WARN_DOCUMENTATION_COMMENTS = YES;
				CLANG_WARN_EMPTY_BODY = YES;
				CLANG_WARN_ENUM_CONVERSION = YES;
				CLANG_WARN_INFINITE_RECURSION = YES;
				CLANG_WARN_INT_CONVERSION = YES;
				CLANG_WARN_NON_LITERAL_NULL_CONVERSION = YES;
				CLANG_WARN_OBJC_IMPLICIT_RETAIN_SELF = YES;
				CLANG_WARN_OBJC_LITERAL_CONVERSION = YES;
				CLANG_WARN_OBJC_ROOT_CLASS = YES_ERROR;
				CLANG_WARN_RANGE_LOOP_ANALYSIS = YES;
				CLANG_WARN_STRICT_PROTOTYPES = YES;
				CLANG_WARN_SUSPICIOUS_MOVE = YES;
				CLANG_WARN_UNGUARDED_AVAILABILITY = YES_AGGRESSIVE;
				CLANG_WARN_UNREACHABLE_CODE = YES;
				CLANG_WARN__DUPLICATE_METHOD_MATCH = YES;
				CODE_SIGN_IDENTITY = "iPhone Developer";
				COPY_PHASE_STRIP = NO;
				DEBUG_INFORMATION_FORMAT = dwarf;
				ENABLE_STRICT_OBJC_MSGSEND = YES;
				ENABLE_TESTABILITY = YES;
				GCC_C_LANGUAGE_STANDARD = gnu11;
				GCC_DYNAMIC_NO_PIC = NO;
				GCC_NO_COMMON_BLOCKS = YES;
				GCC_OPTIMIZATION_LEVEL = 0;
				GCC_PREPROCESSOR_DEFINITIONS = (
					"DEBUG=1",
					"$(inherited)",
				);
				GCC_WARN_64_TO_32_BIT_CONVERSION = YES;
				GCC_WARN_ABOUT_RETURN_TYPE = YES_ERROR;
				GCC_WARN_UNDECLARED_SELECTOR = YES;
				GCC_WARN_UNINITIALIZED_AUTOS = YES_AGGRESSIVE;
				GCC_WARN_UNUSED_FUNCTION = YES;
				GCC_WARN_UNUSED_VARIABLE = YES;
				IPHONEOS_DEPLOYMENT_TARGET = 12.1;
				MTL_ENABLE_DEBUG_INFO = INCLUDE_SOURCE;
				MTL_FAST_MATH = YES;
				ONLY_ACTIVE_ARCH = YES;
				SDKROOT = iphoneos;
				SWIFT_ACTIVE_COMPILATION_CONDITIONS = DEBUG;
				SWIFT_OPTIMIZATION_LEVEL = "-Onone";
			};
			name = Debug;
		};
		EDA598362354A59700B2EC6D /* Release */ = {
			isa = XCBuildConfiguration;
			buildSettings = {
				ALWAYS_SEARCH_USER_PATHS = NO;
				CLANG_ANALYZER_NONNULL = YES;
				CLANG_ANALYZER_NUMBER_OBJECT_CONVERSION = YES_AGGRESSIVE;
				CLANG_CXX_LANGUAGE_STANDARD = "gnu++14";
				CLANG_CXX_LIBRARY = "libc++";
				CLANG_ENABLE_MODULES = YES;
				CLANG_ENABLE_OBJC_ARC = YES;
				CLANG_ENABLE_OBJC_WEAK = YES;
				CLANG_WARN_BLOCK_CAPTURE_AUTORELEASING = YES;
				CLANG_WARN_BOOL_CONVERSION = YES;
				CLANG_WARN_COMMA = YES;
				CLANG_WARN_CONSTANT_CONVERSION = YES;
				CLANG_WARN_DEPRECATED_OBJC_IMPLEMENTATIONS = YES;
				CLANG_WARN_DIRECT_OBJC_ISA_USAGE = YES_ERROR;
				CLANG_WARN_DOCUMENTATION_COMMENTS = YES;
				CLANG_WARN_EMPTY_BODY = YES;
				CLANG_WARN_ENUM_CONVERSION = YES;
				CLANG_WARN_INFINITE_RECURSION = YES;
				CLANG_WARN_INT_CONVERSION = YES;
				CLANG_WARN_NON_LITERAL_NULL_CONVERSION = YES;
				CLANG_WARN_OBJC_IMPLICIT_RETAIN_SELF = YES;
				CLANG_WARN_OBJC_LITERAL_CONVERSION = YES;
				CLANG_WARN_OBJC_ROOT_CLASS = YES_ERROR;
				CLANG_WARN_RANGE_LOOP_ANALYSIS = YES;
				CLANG_WARN_STRICT_PROTOTYPES = YES;
				CLANG_WARN_SUSPICIOUS_MOVE = YES;
				CLANG_WARN_UNGUARDED_AVAILABILITY = YES_AGGRESSIVE;
				CLANG_WARN_UNREACHABLE_CODE = YES;
				CLANG_WARN__DUPLICATE_METHOD_MATCH = YES;
				CODE_SIGN_IDENTITY = "iPhone Developer";
				COPY_PHASE_STRIP = NO;
				DEBUG_INFORMATION_FORMAT = "dwarf-with-dsym";
				ENABLE_NS_ASSERTIONS = NO;
				ENABLE_STRICT_OBJC_MSGSEND = YES;
				GCC_C_LANGUAGE_STANDARD = gnu11;
				GCC_NO_COMMON_BLOCKS = YES;
				GCC_WARN_64_TO_32_BIT_CONVERSION = YES;
				GCC_WARN_ABOUT_RETURN_TYPE = YES_ERROR;
				GCC_WARN_UNDECLARED_SELECTOR = YES;
				GCC_WARN_UNINITIALIZED_AUTOS = YES_AGGRESSIVE;
				GCC_WARN_UNUSED_FUNCTION = YES;
				GCC_WARN_UNUSED_VARIABLE = YES;
				IPHONEOS_DEPLOYMENT_TARGET = 12.1;
				MTL_ENABLE_DEBUG_INFO = NO;
				MTL_FAST_MATH = YES;
				SDKROOT = iphoneos;
				SWIFT_COMPILATION_MODE = wholemodule;
				SWIFT_OPTIMIZATION_LEVEL = "-O";
				VALIDATE_PRODUCT = YES;
			};
			name = Release;
		};
		EDA598382354A59700B2EC6D /* Debug */ = {
			isa = XCBuildConfiguration;
			baseConfigurationReference = 73855A495F995C5A3A98B08C /* Pods-weVysya.debug.xcconfig */;
			buildSettings = {
				ASSETCATALOG_COMPILER_APPICON_NAME = AppIcon;
				CLANG_ENABLE_MODULES = YES;
				CODE_SIGN_STYLE = Automatic;
				INFOPLIST_FILE = weVysya/Info.plist;
				LD_RUNPATH_SEARCH_PATHS = (
					"$(inherited)",
					"@executable_path/Frameworks",
				);
				PRODUCT_BUNDLE_IDENTIFIER = com.centura.technologies.weVysya;
				PRODUCT_NAME = "$(TARGET_NAME)";
				SWIFT_OBJC_BRIDGING_HEADER = "weVysya/SideControllers/weVysya-Bridging-Header.h";
				SWIFT_OPTIMIZATION_LEVEL = "-Onone";
				SWIFT_VERSION = 5.0;
				TARGETED_DEVICE_FAMILY = "1,2";
			};
			name = Debug;
		};
		EDA598392354A59700B2EC6D /* Release */ = {
			isa = XCBuildConfiguration;
			baseConfigurationReference = B13C11639131DF606B51B738 /* Pods-weVysya.release.xcconfig */;
			buildSettings = {
				ASSETCATALOG_COMPILER_APPICON_NAME = AppIcon;
				CLANG_ENABLE_MODULES = YES;
				CODE_SIGN_STYLE = Automatic;
				INFOPLIST_FILE = weVysya/Info.plist;
				LD_RUNPATH_SEARCH_PATHS = (
					"$(inherited)",
					"@executable_path/Frameworks",
				);
				PRODUCT_BUNDLE_IDENTIFIER = com.centura.technologies.weVysya;
				PRODUCT_NAME = "$(TARGET_NAME)";
				SWIFT_OBJC_BRIDGING_HEADER = "weVysya/SideControllers/weVysya-Bridging-Header.h";
				SWIFT_VERSION = 5.0;
				TARGETED_DEVICE_FAMILY = "1,2";
			};
			name = Release;
		};
/* End XCBuildConfiguration section */

/* Begin XCConfigurationList section */
		EDA598202354A59300B2EC6D /* Build configuration list for PBXProject "weVysya" */ = {
			isa = XCConfigurationList;
			buildConfigurations = (
				EDA598352354A59700B2EC6D /* Debug */,
				EDA598362354A59700B2EC6D /* Release */,
			);
			defaultConfigurationIsVisible = 0;
			defaultConfigurationName = Release;
		};
		EDA598372354A59700B2EC6D /* Build configuration list for PBXNativeTarget "weVysya" */ = {
			isa = XCConfigurationList;
			buildConfigurations = (
				EDA598382354A59700B2EC6D /* Debug */,
				EDA598392354A59700B2EC6D /* Release */,
			);
			defaultConfigurationIsVisible = 0;
			defaultConfigurationName = Release;
		};
/* End XCConfigurationList section */

/* Begin XCVersionGroup section */
		5C56444523682315003D8199 /* UserData.xcdatamodeld */ = {
			isa = XCVersionGroup;
			children = (
				5C56444623682315003D8199 /* UserData.xcdatamodel */,
			);
			currentVersion = 5C56444623682315003D8199 /* UserData.xcdatamodel */;
			path = UserData.xcdatamodeld;
			sourceTree = "<group>";
			versionGroupType = wrapper.xcdatamodel;
		};
/* End XCVersionGroup section */
	};
	rootObject = EDA5981D2354A59300B2EC6D /* Project object */;
}
